
Microsoft Visual Studio Solution File, Format Version 12.00
# Visual Studio Version 16
VisualStudioVersion = 16.0.30002.166
MinimumVisualStudioVersion = 10.0.40219.1
Project("{8BC9CEB8-8B4A-11D0-8D11-00A0C91BC942}") = "symbolsfinder", "symbolsfinder\symbolsfinder.vcxproj", "{494DB6DF-B292-4F59-BC52-D469FA2EE692}"
EndProject
Global
	GlobalSection(SolutionConfigurationPlatforms) = preSolution
		Debug|x64 = Debug|x64
		Debug|x86 = Debug|x86
		Release|x64 = Release|x64
		Release|x86 = Release|x86
	EndGlobalSection
	GlobalSection(ProjectConfigurationPlatforms) = postSolution
		{494DB6DF-B292-4F59-BC52-D469FA2EE692}.Debug|x64.ActiveCfg = Debug|x64
		{494DB6DF-B292-4F59-BC52-D469FA2EE692}.Debug|x64.Build.0 = Debug|x64
		{494DB6DF-B292-4F59-BC52-D469FA2EE692}.Debug|x86.ActiveCfg = Debug|Win32
		{494DB6DF-B292-4F59-BC52-D469FA2EE692}.Debug|x86.Build.0 = Debug|Win32
		{494DB6DF-B292-4F59-BC52-D469FA2EE692}.Release|x64.ActiveCfg = Release|x64
		{494DB6DF-B292-4F59-BC52-D469FA2EE692}.Release|x64.Build.0 = Release|x64
		{494DB6DF-B292-4F59-BC52-D469FA2EE692}.Release|x86.ActiveCfg = Release|Win32
		{494DB6DF-B292-4F59-BC52-D469FA2EE692}.Release|x86.Build.0 = Release|Win32
	EndGlobalSection
	GlobalSection(SolutionProperties) = preSolution
		HideSolutionNode = FALSE
	EndGlobalSection
	GlobalSection(ExtensibilityGlobals) = postSolution
		SolutionGuid = {AB564C0F-3B38-4CE2-B4E6-7D98618642A9}
	EndGlobalSection
EndGlobal
